
Microsoft Visual Studio Solution File, Format Version 11.00
# Visual Studio 2010
Project("{2150E333-8FDC-42A3-9474-1A3956D46DE8}") = "Examples", "Examples", "{4C802075-9C63-45CB-8F43-0AEB1A44B789}"
EndProject
Project("{2150E333-8FDC-42A3-9474-1A3956D46DE8}") = "Lib", "Lib", "{47B1F548-59ED-4104-8B36-1B8C3D76BA8F}"
	ProjectSection(SolutionItems) = preProject
		Lib\Smark.Core.dll = Lib\Smark.Core.dll
	EndProjectSection
EndProject
Project("{FAE04EC0-301F-11D3-BF4B-00C04F79EFBC}") = "HolleWord", "Examples\HolleWord\HolleWord.csproj", "{3804A5CE-BFC5-4464-B0E9-BC26CBD34CEB}"
EndProject
Project("{FAE04EC0-301F-11D3-BF4B-00C04F79EFBC}") = "Peanut", "Peanut\Peanut.csproj", "{A2FF6A21-2131-4831-9765-47DF035B41A6}"
EndProject
Global
	GlobalSection(SolutionConfigurationPlatforms) = preSolution
		Debug|Any CPU = Debug|Any CPU
		Release|Any CPU = Release|Any CPU
	EndGlobalSection
	GlobalSection(ProjectConfigurationPlatforms) = postSolution
		{3804A5CE-BFC5-4464-B0E9-BC26CBD34CEB}.Debug|Any CPU.ActiveCfg = Debug|Any CPU
		{3804A5CE-BFC5-4464-B0E9-BC26CBD34CEB}.Debug|Any CPU.Build.0 = Debug|Any CPU
		{3804A5CE-BFC5-4464-B0E9-BC26CBD34CEB}.Release|Any CPU.ActiveCfg = Release|Any CPU
		{3804A5CE-BFC5-4464-B0E9-BC26CBD34CEB}.Release|Any CPU.Build.0 = Release|Any CPU
		{A2FF6A21-2131-4831-9765-47DF035B41A6}.Debug|Any CPU.ActiveCfg = Debug|Any CPU
		{A2FF6A21-2131-4831-9765-47DF035B41A6}.Debug|Any CPU.Build.0 = Debug|Any CPU
		{A2FF6A21-2131-4831-9765-47DF035B41A6}.Release|Any CPU.ActiveCfg = Release|Any CPU
		{A2FF6A21-2131-4831-9765-47DF035B41A6}.Release|Any CPU.Build.0 = Release|Any CPU
	EndGlobalSection
	GlobalSection(SolutionProperties) = preSolution
		HideSolutionNode = FALSE
	EndGlobalSection
	GlobalSection(NestedProjects) = preSolution
		{3804A5CE-BFC5-4464-B0E9-BC26CBD34CEB} = {4C802075-9C63-45CB-8F43-0AEB1A44B789}
	EndGlobalSection
EndGlobal
